// !$*UTF8*$!
{
	archiveVersion = 1;
	classes = {
	};
	objectVersion = 46;
	objects = {

/* Begin PBXBuildFile section */
		461F174F19D6542F00D820FD /* AppDelegate.swift in Sources */ = {isa = PBXBuildFile; fileRef = 461F174E19D6542F00D820FD /* AppDelegate.swift */; };
		461F175119D6542F00D820FD /* Images.xcassets in Resources */ = {isa = PBXBuildFile; fileRef = 461F175019D6542F00D820FD /* Images.xcassets */; };
		461F175419D6542F00D820FD /* MainMenu.xib in Resources */ = {isa = PBXBuildFile; fileRef = 461F175219D6542F00D820FD /* MainMenu.xib */; };
		461F176019D6542F00D820FD /* BoggleTests.swift in Sources */ = {isa = PBXBuildFile; fileRef = 461F175F19D6542F00D820FD /* BoggleTests.swift */; };
		461F176A19D6544000D820FD /* wordList.txt in Resources */ = {isa = PBXBuildFile; fileRef = 461F176919D6544000D820FD /* wordList.txt */; };
		461F176C19D6544D00D820FD /* Boggle.swift in Sources */ = {isa = PBXBuildFile; fileRef = 461F176B19D6544D00D820FD /* Boggle.swift */; };
		461F176E19D6546300D820FD /* Board.swift in Sources */ = {isa = PBXBuildFile; fileRef = 461F176D19D6546300D820FD /* Board.swift */; };
		461F177019D6547200D820FD /* Letter.swift in Sources */ = {isa = PBXBuildFile; fileRef = 461F176F19D6547200D820FD /* Letter.swift */; };
		461F177219D6549100D820FD /* Dictionary.swift in Sources */ = {isa = PBXBuildFile; fileRef = 461F177119D6549100D820FD /* Dictionary.swift */; };
		461F177419D6554500D820FD /* board1.txt in Resources */ = {isa = PBXBuildFile; fileRef = 461F177319D6554500D820FD /* board1.txt */; };
		4698A14319D6697C00B174B8 /* Trie.swift in Sources */ = {isa = PBXBuildFile; fileRef = 4698A14219D6697C00B174B8 /* Trie.swift */; };
/* End PBXBuildFile section */

/* Begin PBXContainerItemProxy section */
		461F175A19D6542F00D820FD /* PBXContainerItemProxy */ = {
			isa = PBXContainerItemProxy;
			containerPortal = 461F174119D6542F00D820FD /* Project object */;
			proxyType = 1;
			remoteGlobalIDString = 461F174819D6542F00D820FD;
			remoteInfo = Boggle;
		};
/* End PBXContainerItemProxy section */

/* Begin PBXFileReference section */
		461F174919D6542F00D820FD /* Boggle.app */ = {isa = PBXFileReference; explicitFileType = wrapper.application; includeInIndex = 0; path = Boggle.app; sourceTree = BUILT_PRODUCTS_DIR; };
		461F174D19D6542F00D820FD /* Info.plist */ = {isa = PBXFileReference; lastKnownFileType = text.plist.xml; path = Info.plist; sourceTree = "<group>"; };
		461F174E19D6542F00D820FD /* AppDelegate.swift */ = {isa = PBXFileReference; lastKnownFileType = sourcecode.swift; path = AppDelegate.swift; sourceTree = "<group>"; };
		461F175019D6542F00D820FD /* Images.xcassets */ = {isa = PBXFileReference; lastKnownFileType = folder.assetcatalog; path = Images.xcassets; sourceTree = "<group>"; };
		461F175319D6542F00D820FD /* Base */ = {isa = PBXFileReference; lastKnownFileType = file.xib; name = Base; path = Base.lproj/MainMenu.xib; sourceTree = "<group>"; };
		461F175919D6542F00D820FD /* BoggleTests.xctest */ = {isa = PBXFileReference; explicitFileType = wrapper.cfbundle; includeInIndex = 0; path = BoggleTests.xctest; sourceTree = BUILT_PRODUCTS_DIR; };
		461F175E19D6542F00D820FD /* Info.plist */ = {isa = PBXFileReference; lastKnownFileType = text.plist.xml; path = Info.plist; sourceTree = "<group>"; };
		461F175F19D6542F00D820FD /* BoggleTests.swift */ = {isa = PBXFileReference; lastKnownFileType = sourcecode.swift; path = BoggleTests.swift; sourceTree = "<group>"; };
		461F176919D6544000D820FD /* wordList.txt */ = {isa = PBXFileReference; fileEncoding = 4; lastKnownFileType = text; path = wordList.txt; sourceTree = "<group>"; };
		461F176B19D6544D00D820FD /* Boggle.swift */ = {isa = PBXFileReference; fileEncoding = 4; lastKnownFileType = sourcecode.swift; path = Boggle.swift; sourceTree = SOURCE_ROOT; };
		461F176D19D6546300D820FD /* Board.swift */ = {isa = PBXFileReference; fileEncoding = 4; lastKnownFileType = sourcecode.swift; path = Board.swift; sourceTree = "<group>"; };
		461F176F19D6547200D820FD /* Letter.swift */ = {isa = PBXFileReference; fileEncoding = 4; lastKnownFileType = sourcecode.swift; path = Letter.swift; sourceTree = "<group>"; };
		461F177119D6549100D820FD /* Dictionary.swift */ = {isa = PBXFileReference; fileEncoding = 4; lastKnownFileType = sourcecode.swift; path = Dictionary.swift; sourceTree = "<group>"; };
		461F177319D6554500D820FD /* board1.txt */ = {isa = PBXFileReference; fileEncoding = 4; lastKnownFileType = text; path = board1.txt; sourceTree = "<group>"; };
		4698A14219D6697C00B174B8 /* Trie.swift */ = {isa = PBXFileReference; fileEncoding = 4; lastKnownFileType = sourcecode.swift; path = Trie.swift; sourceTree = "<group>"; };
/* End PBXFileReference section */

/* Begin PBXFrameworksBuildPhase section */
		461F174619D6542F00D820FD /* Frameworks */ = {
			isa = PBXFrameworksBuildPhase;
			buildActionMask = 2147483647;
			files = (
			);
			runOnlyForDeploymentPostprocessing = 0;
		};
		461F175619D6542F00D820FD /* Frameworks */ = {
			isa = PBXFrameworksBuildPhase;
			buildActionMask = 2147483647;
			files = (
			);
			runOnlyForDeploymentPostprocessing = 0;
		};
/* End PBXFrameworksBuildPhase section */

/* Begin PBXGroup section */
		461F174019D6542F00D820FD = {
			isa = PBXGroup;
			children = (
				461F174B19D6542F00D820FD /* Boggle */,
				461F175C19D6542F00D820FD /* BoggleTests */,
				461F174A19D6542F00D820FD /* Products */,
			);
			sourceTree = "<group>";
		};
		461F174A19D6542F00D820FD /* Products */ = {
			isa = PBXGroup;
			children = (
				461F174919D6542F00D820FD /* Boggle.app */,
				461F175919D6542F00D820FD /* BoggleTests.xctest */,
			);
			name = Products;
			sourceTree = "<group>";
		};
		461F174B19D6542F00D820FD /* Boggle */ = {
			isa = PBXGroup;
			children = (
				461F176B19D6544D00D820FD /* Boggle.swift */,
				461F176D19D6546300D820FD /* Board.swift */,
				4698A14219D6697C00B174B8 /* Trie.swift */,
				461F176F19D6547200D820FD /* Letter.swift */,
				461F177119D6549100D820FD /* Dictionary.swift */,
				461F174E19D6542F00D820FD /* AppDelegate.swift */,
				461F176919D6544000D820FD /* wordList.txt */,
				461F177319D6554500D820FD /* board1.txt */,
				461F175019D6542F00D820FD /* Images.xcassets */,
				461F175219D6542F00D820FD /* MainMenu.xib */,
				461F174C19D6542F00D820FD /* Supporting Files */,
			);
			path = Boggle;
			sourceTree = "<group>";
		};
		461F174C19D6542F00D820FD /* Supporting Files */ = {
			isa = PBXGroup;
			children = (
				461F174D19D6542F00D820FD /* Info.plist */,
			);
			name = "Supporting Files";
			sourceTree = "<group>";
		};
		461F175C19D6542F00D820FD /* BoggleTests */ = {
			isa = PBXGroup;
			children = (
				461F175F19D6542F00D820FD /* BoggleTests.swift */,
				461F175D19D6542F00D820FD /* Supporting Files */,
			);
			path = BoggleTests;
			sourceTree = "<group>";
		};
		461F175D19D6542F00D820FD /* Supporting Files */ = {
			isa = PBXGroup;
			children = (
				461F175E19D6542F00D820FD /* Info.plist */,
			);
			name = "Supporting Files";
			sourceTree = "<group>";
		};
/* End PBXGroup section */

/* Begin PBXNativeTarget section */
		461F174819D6542F00D820FD /* Boggle */ = {
			isa = PBXNativeTarget;
			buildConfigurationList = 461F176319D6542F00D820FD /* Build configuration list for PBXNativeTarget "Boggle" */;
			buildPhases = (
				461F174519D6542F00D820FD /* Sources */,
				461F174619D6542F00D820FD /* Frameworks */,
				461F174719D6542F00D820FD /* Resources */,
			);
			buildRules = (
			);
			dependencies = (
			);
			name = Boggle;
			productName = Boggle;
			productReference = 461F174919D6542F00D820FD /* Boggle.app */;
			productType = "com.apple.product-type.application";
		};
		461F175819D6542F00D820FD /* BoggleTests */ = {
			isa = PBXNativeTarget;
			buildConfigurationList = 461F176619D6542F00D820FD /* Build configuration list for PBXNativeTarget "BoggleTests" */;
			buildPhases = (
				461F175519D6542F00D820FD /* Sources */,
				461F175619D6542F00D820FD /* Frameworks */,
				461F175719D6542F00D820FD /* Resources */,
			);
			buildRules = (
			);
			dependencies = (
				461F175B19D6542F00D820FD /* PBXTargetDependency */,
			);
			name = BoggleTests;
			productName = BoggleTests;
			productReference = 461F175919D6542F00D820FD /* BoggleTests.xctest */;
			productType = "com.apple.product-type.bundle.unit-test";
		};
/* End PBXNativeTarget section */

/* Begin PBXProject section */
		461F174119D6542F00D820FD /* Project object */ = {
			isa = PBXProject;
			attributes = {
				LastUpgradeCheck = 0610;
				ORGANIZATIONNAME = "Carl Wieland";
				TargetAttributes = {
					461F174819D6542F00D820FD = {
						CreatedOnToolsVersion = 6.1;
					};
					461F175819D6542F00D820FD = {
						CreatedOnToolsVersion = 6.1;
						TestTargetID = 461F174819D6542F00D820FD;
					};
				};
			};
			buildConfigurationList = 461F174419D6542F00D820FD /* Build configuration list for PBXProject "Boggle" */;
			compatibilityVersion = "Xcode 3.2";
			developmentRegion = English;
			hasScannedForEncodings = 0;
			knownRegions = (
				en,
				Base,
			);
			mainGroup = 461F174019D6542F00D820FD;
			productRefGroup = 461F174A19D6542F00D820FD /* Products */;
			projectDirPath = "";
			projectRoot = "";
			targets = (
				461F174819D6542F00D820FD /* Boggle */,
				461F175819D6542F00D820FD /* BoggleTests */,
			);
		};
/* End PBXProject section */

/* Begin PBXResourcesBuildPhase section */
		461F174719D6542F00D820FD /* Resources */ = {
			isa = PBXResourcesBuildPhase;
			buildActionMask = 2147483647;
			files = (
				461F176A19D6544000D820FD /* wordList.txt in Resources */,
				461F177419D6554500D820FD /* board1.txt in Resources */,
				461F175119D6542F00D820FD /* Images.xcassets in Resources */,
				461F175419D6542F00D820FD /* MainMenu.xib in Resources */,
			);
			runOnlyForDeploymentPostprocessing = 0;
		};
		461F175719D6542F00D820FD /* Resources */ = {
			isa = PBXResourcesBuildPhase;
			buildActionMask = 2147483647;
			files = (
			);
			runOnlyForDeploymentPostprocessing = 0;
		};
/* End PBXResourcesBuildPhase section */

/* Begin PBXSourcesBuildPhase section */
		461F174519D6542F00D820FD /* Sources */ = {
			isa = PBXSourcesBuildPhase;
			buildActionMask = 2147483647;
			files = (
				461F174F19D6542F00D820FD /* AppDelegate.swift in Sources */,
				461F177219D6549100D820FD /* Dictionary.swift in Sources */,
				461F176C19D6544D00D820FD /* Boggle.swift in Sources */,
				4698A14319D6697C00B174B8 /* Trie.swift in Sources */,
				461F176E19D6546300D820FD /* Board.swift in Sources */,
				461F177019D6547200D820FD /* Letter.swift in Sources */,
			);
			runOnlyForDeploymentPostprocessing = 0;
		};
		461F175519D6542F00D820FD /* Sources */ = {
			isa = PBXSourcesBuildPhase;
			buildActionMask = 2147483647;
			files = (
				461F176019D6542F00D820FD /* BoggleTests.swift in Sources */,
			);
			runOnlyForDeploymentPostprocessing = 0;
		};
/* End PBXSourcesBuildPhase section */

/* Begin PBXTargetDependency section */
		461F175B19D6542F00D820FD /* PBXTargetDependency */ = {
			isa = PBXTargetDependency;
			target = 461F174819D6542F00D820FD /* Boggle */;
			targetProxy = 461F175A19D6542F00D820FD /* PBXContainerItemProxy */;
		};
/* End PBXTargetDependency section */

/* Begin PBXVariantGroup section */
		461F175219D6542F00D820FD /* MainMenu.xib */ = {
			isa = PBXVariantGroup;
			children = (
				461F175319D6542F00D820FD /* Base */,
			);
			name = MainMenu.xib;
			sourceTree = "<group>";
		};
/* End PBXVariantGroup section */

/* Begin XCBuildConfiguration section */
		461F176119D6542F00D820FD /* Debug */ = {
			isa = XCBuildConfiguration;
			buildSettings = {
				ALWAYS_SEARCH_USER_PATHS = NO;
				CLANG_CXX_LANGUAGE_STANDARD = "gnu++0x";
				CLANG_CXX_LIBRARY = "libc++";
				CLANG_ENABLE_MODULES = YES;
				CLANG_ENABLE_OBJC_ARC = YES;
				CLANG_WARN_BOOL_CONVERSION = YES;
				CLANG_WARN_CONSTANT_CONVERSION = YES;
				CLANG_WARN_DIRECT_OBJC_ISA_USAGE = YES_ERROR;
				CLANG_WARN_EMPTY_BODY = YES;
				CLANG_WARN_ENUM_CONVERSION = YES;
				CLANG_WARN_INT_CONVERSION = YES;
				CLANG_WARN_OBJC_ROOT_CLASS = YES_ERROR;
				CLANG_WARN_UNREACHABLE_CODE = YES;
				CLANG_WARN__DUPLICATE_METHOD_MATCH = YES;
				CODE_SIGN_IDENTITY = "-";
				COPY_PHASE_STRIP = NO;
				ENABLE_STRICT_OBJC_MSGSEND = YES;
				GCC_C_LANGUAGE_STANDARD = gnu99;
				GCC_DYNAMIC_NO_PIC = NO;
				GCC_OPTIMIZATION_LEVEL = 0;
				GCC_PREPROCESSOR_DEFINITIONS = (
					"DEBUG=1",
					"$(inherited)",
				);
				GCC_SYMBOLS_PRIVATE_EXTERN = NO;
				GCC_WARN_64_TO_32_BIT_CONVERSION = YES;
				GCC_WARN_ABOUT_RETURN_TYPE = YES_ERROR;
				GCC_WARN_UNDECLARED_SELECTOR = YES;
				GCC_WARN_UNINITIALIZED_AUTOS = YES_AGGRESSIVE;
				GCC_WARN_UNUSED_FUNCTION = YES;
				GCC_WARN_UNUSED_VARIABLE = YES;
				MACOSX_DEPLOYMENT_TARGET = 10.10;
				MTL_ENABLE_DEBUG_INFO = YES;
				ONLY_ACTIVE_ARCH = YES;
				SDKROOT = macosx;
				SWIFT_OPTIMIZATION_LEVEL = "-Onone";
			};
			name = Debug;
		};
		461F176219D6542F00D820FD /* Release */ = {
			isa = XCBuildConfiguration;
			buildSettings = {
				ALWAYS_SEARCH_USER_PATHS = NO;
				CLANG_CXX_LANGUAGE_STANDARD = "gnu++0x";
				CLANG_CXX_LIBRARY = "libc++";
				CLANG_ENABLE_MODULES = YES;
				CLANG_ENABLE_OBJC_ARC = YES;
				CLANG_WARN_BOOL_CONVERSION = YES;
				CLANG_WARN_CONSTANT_CONVERSION = YES;
				CLANG_WARN_DIRECT_OBJC_ISA_USAGE = YES_ERROR;
				CLANG_WARN_EMPTY_BODY = YES;
				CLANG_WARN_ENUM_CONVERSION = YES;
				CLANG_WARN_INT_CONVERSION = YES;
				CLANG_WARN_OBJC_ROOT_CLASS = YES_ERROR;
				CLANG_WARN_UNREACHABLE_CODE = YES;
				CLANG_WARN__DUPLICATE_METHOD_MATCH = YES;
				CODE_SIGN_IDENTITY = "-";
				COPY_PHASE_STRIP = YES;
				DEBUG_INFORMATION_FORMAT = "dwarf-with-dsym";
				ENABLE_NS_ASSERTIONS = NO;
				ENABLE_STRICT_OBJC_MSGSEND = YES;
				GCC_C_LANGUAGE_STANDARD = gnu99;
				GCC_WARN_64_TO_32_BIT_CONVERSION = YES;
				GCC_WARN_ABOUT_RETURN_TYPE = YES_ERROR;
				GCC_WARN_UNDECLARED_SELECTOR = YES;
				GCC_WARN_UNINITIALIZED_AUTOS = YES_AGGRESSIVE;
				GCC_WARN_UNUSED_FUNCTION = YES;
				GCC_WARN_UNUSED_VARIABLE = YES;
				MACOSX_DEPLOYMENT_TARGET = 10.10;
				MTL_ENABLE_DEBUG_INFO = NO;
				SDKROOT = macosx;
			};
			name = Release;
		};
		461F176419D6542F00D820FD /* Debug */ = {
			isa = XCBuildConfiguration;
			buildSettings = {
				ASSETCATALOG_COMPILER_APPICON_NAME = AppIcon;
				COMBINE_HIDPI_IMAGES = YES;
				INFOPLIST_FILE = Boggle/Info.plist;
				LD_RUNPATH_SEARCH_PATHS = "$(inherited) @executable_path/../Frameworks";
				PRODUCT_NAME = "$(TARGET_NAME)";
			};
			name = Debug;
		};
		461F176519D6542F00D820FD /* Release */ = {
			isa = XCBuildConfiguration;
			buildSettings = {
				ASSETCATALOG_COMPILER_APPICON_NAME = AppIcon;
				COMBINE_HIDPI_IMAGES = YES;
				INFOPLIST_FILE = Boggle/Info.plist;
				LD_RUNPATH_SEARCH_PATHS = "$(inherited) @executable_path/../Frameworks";
				PRODUCT_NAME = "$(TARGET_NAME)";
			};
			name = Release;
		};
		461F176719D6542F00D820FD /* Debug */ = {
			isa = XCBuildConfiguration;
			buildSettings = {
				BUNDLE_LOADER = "$(TEST_HOST)";
				COMBINE_HIDPI_IMAGES = YES;
				FRAMEWORK_SEARCH_PATHS = (
					"$(DEVELOPER_FRAMEWORKS_DIR)",
					"$(inherited)",
				);
				GCC_PREPROCESSOR_DEFINITIONS = (
					"DEBUG=1",
					"$(inherited)",
				);
				INFOPLIST_FILE = BoggleTests/Info.plist;
				LD_RUNPATH_SEARCH_PATHS = "$(inherited) @executable_path/../Frameworks @loader_path/../Frameworks";
				PRODUCT_NAME = "$(TARGET_NAME)";
				TEST_HOST = "$(BUILT_PRODUCTS_DIR)/Boggle.app/Contents/MacOS/Boggle";
			};
			name = Debug;
		};
		461F176819D6542F00D820FD /* Release */ = {
			isa = XCBuildConfiguration;
			buildSettings = {
				BUNDLE_LOADER = "$(TEST_HOST)";
				COMBINE_HIDPI_IMAGES = YES;
				FRAMEWORK_SEARCH_PATHS = (
					"$(DEVELOPER_FRAMEWORKS_DIR)",
					"$(inherited)",
				);
				INFOPLIST_FILE = BoggleTests/Info.plist;
				LD_RUNPATH_SEARCH_PATHS = "$(inherited) @executable_path/../Frameworks @loader_path/../Frameworks";
				PRODUCT_NAME = "$(TARGET_NAME)";
				TEST_HOST = "$(BUILT_PRODUCTS_DIR)/Boggle.app/Contents/MacOS/Boggle";
			};
			name = Release;
		};
/* End XCBuildConfiguration section */

/* Begin XCConfigurationList section */
		461F174419D6542F00D820FD /* Build configuration list for PBXProject "Boggle" */ = {
			isa = XCConfigurationList;
			buildConfigurations = (
				461F176119D6542F00D820FD /* Debug */,
				461F176219D6542F00D820FD /* Release */,
			);
			defaultConfigurationIsVisible = 0;
			defaultConfigurationName = Release;
		};
		461F176319D6542F00D820FD /* Build configuration list for PBXNativeTarget "Boggle" */ = {
			isa = XCConfigurationList;
			buildConfigurations = (
				461F176419D6542F00D820FD /* Debug */,
				461F176519D6542F00D820FD /* Release */,
			);
			defaultConfigurationIsVisible = 0;
			defaultConfigurationName = Release;
		};
		461F176619D6542F00D820FD /* Build configuration list for PBXNativeTarget "BoggleTests" */ = {
			isa = XCConfigurationList;
			buildConfigurations = (
				461F176719D6542F00D820FD /* Debug */,
				461F176819D6542F00D820FD /* Release */,
			);
			defaultConfigurationIsVisible = 0;
			defaultConfigurationName = Release;
		};
/* End XCConfigurationList section */
	};
	rootObject = 461F174119D6542F00D820FD /* Project object */;
}
